
Microsoft Visual Studio Solution File, Format Version 12.00
# Visual Studio 2012
Project("{FAE04EC0-301F-11D3-BF4B-00C04F79EFBC}") = "Rasterizr", "Rasterizr\Rasterizr.csproj", "{DEB98B3D-FCDD-4936-B242-CE9301D95BF1}"
EndProject
Project("{FAE04EC0-301F-11D3-BF4B-00C04F79EFBC}") = "Rasterizr.Silverlight", "Rasterizr.Silverlight\Rasterizr.Silverlight.csproj", "{7AC5E69A-BD82-4EF9-A062-D6693F4BCBE1}"
EndProject
Project("{FAE04EC0-301F-11D3-BF4B-00C04F79EFBC}") = "Rasterizr.SilverlightExamples", "Rasterizr.SilverlightExamples\Rasterizr.SilverlightExamples.csproj", "{E3A48E37-7BE0-4E13-807D-A8753A7A4AD3}"
EndProject
Project("{FAE04EC0-301F-11D3-BF4B-00C04F79EFBC}") = "Rasterizr.Meshellator", "Rasterizr.Meshellator\Rasterizr.Meshellator.csproj", "{E7F132F7-3D39-4642-8DAD-91BCD4335A36}"
EndProject
Project("{FAE04EC0-301F-11D3-BF4B-00C04F79EFBC}") = "Rasterizr.Tests", "Rasterizr.Tests\Rasterizr.Tests.csproj", "{DAB6D48B-38FD-489B-B70E-E45A55ACA3B4}"
EndProject
Project("{FAE04EC0-301F-11D3-BF4B-00C04F79EFBC}") = "Rasterizr.Studio", "Rasterizr.Studio\Rasterizr.Studio.csproj", "{E394A6B1-8918-48C2-95D9-307CE44AFE64}"
EndProject
Project("{FAE04EC0-301F-11D3-BF4B-00C04F79EFBC}") = "Rasterizr.Diagnostics.Logging", "Rasterizr.Diagnostics.Logging\Rasterizr.Diagnostics.Logging.csproj", "{54BA2C2B-6823-4267-9D9B-78C6071850A7}"
EndProject
Global
	GlobalSection(SolutionConfigurationPlatforms) = preSolution
		Debug|Any CPU = Debug|Any CPU
		Debug|Mixed Platforms = Debug|Mixed Platforms
		Debug|x86 = Debug|x86
		Release|Any CPU = Release|Any CPU
		Release|Mixed Platforms = Release|Mixed Platforms
		Release|x86 = Release|x86
	EndGlobalSection
	GlobalSection(ProjectConfigurationPlatforms) = postSolution
		{DEB98B3D-FCDD-4936-B242-CE9301D95BF1}.Debug|Any CPU.ActiveCfg = Debug|Any CPU
		{DEB98B3D-FCDD-4936-B242-CE9301D95BF1}.Debug|Any CPU.Build.0 = Debug|Any CPU
		{DEB98B3D-FCDD-4936-B242-CE9301D95BF1}.Debug|Mixed Platforms.ActiveCfg = Debug|Any CPU
		{DEB98B3D-FCDD-4936-B242-CE9301D95BF1}.Debug|Mixed Platforms.Build.0 = Debug|Any CPU
		{DEB98B3D-FCDD-4936-B242-CE9301D95BF1}.Debug|x86.ActiveCfg = Debug|Any CPU
		{DEB98B3D-FCDD-4936-B242-CE9301D95BF1}.Release|Any CPU.ActiveCfg = Release|Any CPU
		{DEB98B3D-FCDD-4936-B242-CE9301D95BF1}.Release|Any CPU.Build.0 = Release|Any CPU
		{DEB98B3D-FCDD-4936-B242-CE9301D95BF1}.Release|Mixed Platforms.ActiveCfg = Release|Any CPU
		{DEB98B3D-FCDD-4936-B242-CE9301D95BF1}.Release|Mixed Platforms.Build.0 = Release|Any CPU
		{DEB98B3D-FCDD-4936-B242-CE9301D95BF1}.Release|x86.ActiveCfg = Release|Any CPU
		{7AC5E69A-BD82-4EF9-A062-D6693F4BCBE1}.Debug|Any CPU.ActiveCfg = Debug|Any CPU
		{7AC5E69A-BD82-4EF9-A062-D6693F4BCBE1}.Debug|Any CPU.Build.0 = Debug|Any CPU
		{7AC5E69A-BD82-4EF9-A062-D6693F4BCBE1}.Debug|Mixed Platforms.ActiveCfg = Debug|Any CPU
		{7AC5E69A-BD82-4EF9-A062-D6693F4BCBE1}.Debug|x86.ActiveCfg = Debug|Any CPU
		{7AC5E69A-BD82-4EF9-A062-D6693F4BCBE1}.Release|Any CPU.ActiveCfg = Release|Any CPU
		{7AC5E69A-BD82-4EF9-A062-D6693F4BCBE1}.Release|Any CPU.Build.0 = Release|Any CPU
		{7AC5E69A-BD82-4EF9-A062-D6693F4BCBE1}.Release|Mixed Platforms.ActiveCfg = Release|Any CPU
		{7AC5E69A-BD82-4EF9-A062-D6693F4BCBE1}.Release|Mixed Platforms.Build.0 = Release|Any CPU
		{7AC5E69A-BD82-4EF9-A062-D6693F4BCBE1}.Release|x86.ActiveCfg = Release|Any CPU
		{E3A48E37-7BE0-4E13-807D-A8753A7A4AD3}.Debug|Any CPU.ActiveCfg = Debug|Any CPU
		{E3A48E37-7BE0-4E13-807D-A8753A7A4AD3}.Debug|Any CPU.Build.0 = Debug|Any CPU
		{E3A48E37-7BE0-4E13-807D-A8753A7A4AD3}.Debug|Mixed Platforms.ActiveCfg = Debug|Any CPU
		{E3A48E37-7BE0-4E13-807D-A8753A7A4AD3}.Debug|x86.ActiveCfg = Debug|Any CPU
		{E3A48E37-7BE0-4E13-807D-A8753A7A4AD3}.Release|Any CPU.ActiveCfg = Release|Any CPU
		{E3A48E37-7BE0-4E13-807D-A8753A7A4AD3}.Release|Any CPU.Build.0 = Release|Any CPU
		{E3A48E37-7BE0-4E13-807D-A8753A7A4AD3}.Release|Mixed Platforms.ActiveCfg = Release|Any CPU
		{E3A48E37-7BE0-4E13-807D-A8753A7A4AD3}.Release|Mixed Platforms.Build.0 = Release|Any CPU
		{E3A48E37-7BE0-4E13-807D-A8753A7A4AD3}.Release|x86.ActiveCfg = Release|Any CPU
		{E7F132F7-3D39-4642-8DAD-91BCD4335A36}.Debug|Any CPU.ActiveCfg = Debug|Any CPU
		{E7F132F7-3D39-4642-8DAD-91BCD4335A36}.Debug|Any CPU.Build.0 = Debug|Any CPU
		{E7F132F7-3D39-4642-8DAD-91BCD4335A36}.Debug|Mixed Platforms.ActiveCfg = Debug|Any CPU
		{E7F132F7-3D39-4642-8DAD-91BCD4335A36}.Debug|Mixed Platforms.Build.0 = Debug|Any CPU
		{E7F132F7-3D39-4642-8DAD-91BCD4335A36}.Debug|x86.ActiveCfg = Debug|Any CPU
		{E7F132F7-3D39-4642-8DAD-91BCD4335A36}.Release|Any CPU.ActiveCfg = Release|Any CPU
		{E7F132F7-3D39-4642-8DAD-91BCD4335A36}.Release|Any CPU.Build.0 = Release|Any CPU
		{E7F132F7-3D39-4642-8DAD-91BCD4335A36}.Release|Mixed Platforms.ActiveCfg = Release|Any CPU
		{E7F132F7-3D39-4642-8DAD-91BCD4335A36}.Release|Mixed Platforms.Build.0 = Release|Any CPU
		{E7F132F7-3D39-4642-8DAD-91BCD4335A36}.Release|x86.ActiveCfg = Release|Any CPU
		{DAB6D48B-38FD-489B-B70E-E45A55ACA3B4}.Debug|Any CPU.ActiveCfg = Debug|Any CPU
		{DAB6D48B-38FD-489B-B70E-E45A55ACA3B4}.Debug|Any CPU.Build.0 = Debug|Any CPU
		{DAB6D48B-38FD-489B-B70E-E45A55ACA3B4}.Debug|Mixed Platforms.ActiveCfg = Debug|Any CPU
		{DAB6D48B-38FD-489B-B70E-E45A55ACA3B4}.Debug|Mixed Platforms.Build.0 = Debug|Any CPU
		{DAB6D48B-38FD-489B-B70E-E45A55ACA3B4}.Debug|x86.ActiveCfg = Debug|Any CPU
		{DAB6D48B-38FD-489B-B70E-E45A55ACA3B4}.Release|Any CPU.ActiveCfg = Release|Any CPU
		{DAB6D48B-38FD-489B-B70E-E45A55ACA3B4}.Release|Any CPU.Build.0 = Release|Any CPU
		{DAB6D48B-38FD-489B-B70E-E45A55ACA3B4}.Release|Mixed Platforms.ActiveCfg = Release|Any CPU
		{DAB6D48B-38FD-489B-B70E-E45A55ACA3B4}.Release|Mixed Platforms.Build.0 = Release|Any CPU
		{DAB6D48B-38FD-489B-B70E-E45A55ACA3B4}.Release|x86.ActiveCfg = Release|Any CPU
		{E394A6B1-8918-48C2-95D9-307CE44AFE64}.Debug|Any CPU.ActiveCfg = Debug|Any CPU
		{E394A6B1-8918-48C2-95D9-307CE44AFE64}.Debug|Any CPU.Build.0 = Debug|Any CPU
		{E394A6B1-8918-48C2-95D9-307CE44AFE64}.Debug|Mixed Platforms.ActiveCfg = Debug|Any CPU
		{E394A6B1-8918-48C2-95D9-307CE44AFE64}.Debug|Mixed Platforms.Build.0 = Debug|Any CPU
		{E394A6B1-8918-48C2-95D9-307CE44AFE64}.Debug|x86.ActiveCfg = Debug|x86
		{E394A6B1-8918-48C2-95D9-307CE44AFE64}.Debug|x86.Build.0 = Debug|x86
		{E394A6B1-8918-48C2-95D9-307CE44AFE64}.Release|Any CPU.ActiveCfg = Release|Any CPU
		{E394A6B1-8918-48C2-95D9-307CE44AFE64}.Release|Any CPU.Build.0 = Release|Any CPU
		{E394A6B1-8918-48C2-95D9-307CE44AFE64}.Release|Mixed Platforms.ActiveCfg = Release|Any CPU
		{E394A6B1-8918-48C2-95D9-307CE44AFE64}.Release|Mixed Platforms.Build.0 = Release|Any CPU
		{E394A6B1-8918-48C2-95D9-307CE44AFE64}.Release|x86.ActiveCfg = Release|x86
		{E394A6B1-8918-48C2-95D9-307CE44AFE64}.Release|x86.Build.0 = Release|x86
		{54BA2C2B-6823-4267-9D9B-78C6071850A7}.Debug|Any CPU.ActiveCfg = Debug|Any CPU
		{54BA2C2B-6823-4267-9D9B-78C6071850A7}.Debug|Any CPU.Build.0 = Debug|Any CPU
		{54BA2C2B-6823-4267-9D9B-78C6071850A7}.Debug|Mixed Platforms.ActiveCfg = Debug|Any CPU
		{54BA2C2B-6823-4267-9D9B-78C6071850A7}.Debug|Mixed Platforms.Build.0 = Debug|Any CPU
		{54BA2C2B-6823-4267-9D9B-78C6071850A7}.Debug|x86.ActiveCfg = Debug|Any CPU
		{54BA2C2B-6823-4267-9D9B-78C6071850A7}.Release|Any CPU.ActiveCfg = Release|Any CPU
		{54BA2C2B-6823-4267-9D9B-78C6071850A7}.Release|Any CPU.Build.0 = Release|Any CPU
		{54BA2C2B-6823-4267-9D9B-78C6071850A7}.Release|Mixed Platforms.ActiveCfg = Release|Any CPU
		{54BA2C2B-6823-4267-9D9B-78C6071850A7}.Release|Mixed Platforms.Build.0 = Release|Any CPU
		{54BA2C2B-6823-4267-9D9B-78C6071850A7}.Release|x86.ActiveCfg = Release|Any CPU
	EndGlobalSection
	GlobalSection(SolutionProperties) = preSolution
		HideSolutionNode = FALSE
	EndGlobalSection
EndGlobal
