
Microsoft Visual Studio Solution File, Format Version 12.00
# Visual Studio 2012
Project("{FAE04EC0-301F-11D3-BF4B-00C04F79EFBC}") = "Rasterizr", "Rasterizr\Rasterizr.csproj", "{5975A920-5CA3-4187-824A-1804A1ACB6D2}"
	ProjectSection(ProjectDependencies) = postProject
		{0E390F27-EBFB-43F9-AFD8-1E49E5BE4450} = {0E390F27-EBFB-43F9-AFD8-1E49E5BE4450}
	EndProjectSection
EndProject
Project("{FAE04EC0-301F-11D3-BF4B-00C04F79EFBC}") = "Rasterizr.Platform.WindowsForms", "Rasterizr.Platform.WindowsForms\Rasterizr.Platform.WindowsForms.csproj", "{C15E888C-94BB-42E8-B2CF-C22117B325C3}"
EndProject
Project("{FAE04EC0-301F-11D3-BF4B-00C04F79EFBC}") = "Weavers", "Weavers\Weavers.csproj", "{0E390F27-EBFB-43F9-AFD8-1E49E5BE4450}"
EndProject
Project("{FAE04EC0-301F-11D3-BF4B-00C04F79EFBC}") = "Rasterizr.Samples.BasicWindow", "Rasterizr.Samples.BasicWindow\Rasterizr.Samples.BasicWindow.csproj", "{872086F9-B18D-493D-9890-A5DA30C750E1}"
EndProject
Project("{FAE04EC0-301F-11D3-BF4B-00C04F79EFBC}") = "Rasterizr.Samples.Common", "Rasterizr.Samples.Common\Rasterizr.Samples.Common.csproj", "{7624C1A7-08A6-4FC1-9B6F-1FFA029D8A88}"
EndProject
Project("{FAE04EC0-301F-11D3-BF4B-00C04F79EFBC}") = "Rasterizr.Platform.Wpf", "Rasterizr.Platform.Wpf\Rasterizr.Platform.Wpf.csproj", "{4633E75B-1C03-4588-BD29-8BE9A111AD1A}"
EndProject
Project("{FAE04EC0-301F-11D3-BF4B-00C04F79EFBC}") = "Rasterizr.Tests", "Rasterizr.Tests\Rasterizr.Tests.csproj", "{34AADB52-9CEB-44AD-A0E0-D860BE9C4378}"
EndProject
Project("{2150E333-8FDC-42A3-9474-1A3956D46DE8}") = "SlimShader", "SlimShader", "{BBE0B1B2-C862-4DEC-BDA1-21ADC5CCF055}"
EndProject
Project("{FAE04EC0-301F-11D3-BF4B-00C04F79EFBC}") = "SlimShader", "..\..\slimshader\src\csharp\SlimShader\SlimShader.csproj", "{D75528F5-54F9-4E31-94F6-03C194F74CF2}"
EndProject
Project("{FAE04EC0-301F-11D3-BF4B-00C04F79EFBC}") = "SlimShader.Tests", "..\..\slimshader\src\csharp\SlimShader.Tests\SlimShader.Tests.csproj", "{3D19DAC1-E727-43BA-A264-A64408B4D598}"
EndProject
Project("{FAE04EC0-301F-11D3-BF4B-00C04F79EFBC}") = "SlimShader.VirtualMachine", "..\..\slimshader\src\csharp\SlimShader.VirtualMachine\SlimShader.VirtualMachine.csproj", "{167769B9-A10E-4DFD-B09F-43BFEF4EB673}"
EndProject
Project("{FAE04EC0-301F-11D3-BF4B-00C04F79EFBC}") = "SlimShader.VirtualMachine.Tests", "..\..\slimshader\src\csharp\SlimShader.VirtualMachine.Tests\SlimShader.VirtualMachine.Tests.csproj", "{B2E82297-2DCA-4D0A-8CA1-C68A6DB62D67}"
EndProject
Project("{FAE04EC0-301F-11D3-BF4B-00C04F79EFBC}") = "SlimShader.Studio", "..\..\slimshader\src\csharp\SlimShader.Studio\SlimShader.Studio.csproj", "{A8C6CC60-E125-4993-9DA4-41784675B5A5}"
EndProject
Project("{FAE04EC0-301F-11D3-BF4B-00C04F79EFBC}") = "Rasterizr.Samples.BasicTriangle", "Rasterizr.Samples.BasicTriangle\Rasterizr.Samples.BasicTriangle.csproj", "{431820A8-334D-4EF0-82A5-D091464863AA}"
EndProject
Project("{FAE04EC0-301F-11D3-BF4B-00C04F79EFBC}") = "SlimShader.Compiler", "..\..\slimshader\src\csharp\SlimShader.Compiler\SlimShader.Compiler.csproj", "{B0930EDC-6303-4641-B44D-3AE73A9D00A8}"
EndProject
Project("{FAE04EC0-301F-11D3-BF4B-00C04F79EFBC}") = "Rasterizr.Samples.RotatingCube", "Rasterizr.Samples.RotatingCube\Rasterizr.Samples.RotatingCube.csproj", "{DCDE50AE-692D-4FBA-B15A-7666D426D22B}"
EndProject
Project("{FAE04EC0-301F-11D3-BF4B-00C04F79EFBC}") = "Rasterizr.Diagnostics.Logging", "Rasterizr.Diagnostics.Logging\Rasterizr.Diagnostics.Logging.csproj", "{AF234621-D615-499B-803B-E60586283509}"
EndProject
Project("{FAE04EC0-301F-11D3-BF4B-00C04F79EFBC}") = "Rasterizr.Studio", "Rasterizr.Studio\Rasterizr.Studio.csproj", "{32896243-BB1D-4A46-B2CC-D50E69A0FF3C}"
EndProject
Project("{FAE04EC0-301F-11D3-BF4B-00C04F79EFBC}") = "Rasterizr.Toolkit", "Rasterizr.Toolkit\Rasterizr.Toolkit.csproj", "{C7886048-659E-44CA-8921-2416CCE3A795}"
EndProject
Global
	GlobalSection(SolutionConfigurationPlatforms) = preSolution
		Debug|Any CPU = Debug|Any CPU
		Debug|Mixed Platforms = Debug|Mixed Platforms
		Debug|x86 = Debug|x86
		Release|Any CPU = Release|Any CPU
		Release|Mixed Platforms = Release|Mixed Platforms
		Release|x86 = Release|x86
	EndGlobalSection
	GlobalSection(ProjectConfigurationPlatforms) = postSolution
		{5975A920-5CA3-4187-824A-1804A1ACB6D2}.Debug|Any CPU.ActiveCfg = Debug|Any CPU
		{5975A920-5CA3-4187-824A-1804A1ACB6D2}.Debug|Any CPU.Build.0 = Debug|Any CPU
		{5975A920-5CA3-4187-824A-1804A1ACB6D2}.Debug|Mixed Platforms.ActiveCfg = Debug|Any CPU
		{5975A920-5CA3-4187-824A-1804A1ACB6D2}.Debug|Mixed Platforms.Build.0 = Debug|Any CPU
		{5975A920-5CA3-4187-824A-1804A1ACB6D2}.Debug|x86.ActiveCfg = Debug|Any CPU
		{5975A920-5CA3-4187-824A-1804A1ACB6D2}.Release|Any CPU.ActiveCfg = Release|Any CPU
		{5975A920-5CA3-4187-824A-1804A1ACB6D2}.Release|Any CPU.Build.0 = Release|Any CPU
		{5975A920-5CA3-4187-824A-1804A1ACB6D2}.Release|Mixed Platforms.ActiveCfg = Release|Any CPU
		{5975A920-5CA3-4187-824A-1804A1ACB6D2}.Release|Mixed Platforms.Build.0 = Release|Any CPU
		{5975A920-5CA3-4187-824A-1804A1ACB6D2}.Release|x86.ActiveCfg = Release|Any CPU
		{C15E888C-94BB-42E8-B2CF-C22117B325C3}.Debug|Any CPU.ActiveCfg = Debug|Any CPU
		{C15E888C-94BB-42E8-B2CF-C22117B325C3}.Debug|Any CPU.Build.0 = Debug|Any CPU
		{C15E888C-94BB-42E8-B2CF-C22117B325C3}.Debug|Mixed Platforms.ActiveCfg = Debug|Any CPU
		{C15E888C-94BB-42E8-B2CF-C22117B325C3}.Debug|Mixed Platforms.Build.0 = Debug|Any CPU
		{C15E888C-94BB-42E8-B2CF-C22117B325C3}.Debug|x86.ActiveCfg = Debug|Any CPU
		{C15E888C-94BB-42E8-B2CF-C22117B325C3}.Release|Any CPU.ActiveCfg = Release|Any CPU
		{C15E888C-94BB-42E8-B2CF-C22117B325C3}.Release|Any CPU.Build.0 = Release|Any CPU
		{C15E888C-94BB-42E8-B2CF-C22117B325C3}.Release|Mixed Platforms.ActiveCfg = Release|Any CPU
		{C15E888C-94BB-42E8-B2CF-C22117B325C3}.Release|Mixed Platforms.Build.0 = Release|Any CPU
		{C15E888C-94BB-42E8-B2CF-C22117B325C3}.Release|x86.ActiveCfg = Release|Any CPU
		{0E390F27-EBFB-43F9-AFD8-1E49E5BE4450}.Debug|Any CPU.ActiveCfg = Debug|Any CPU
		{0E390F27-EBFB-43F9-AFD8-1E49E5BE4450}.Debug|Any CPU.Build.0 = Debug|Any CPU
		{0E390F27-EBFB-43F9-AFD8-1E49E5BE4450}.Debug|Mixed Platforms.ActiveCfg = Debug|Any CPU
		{0E390F27-EBFB-43F9-AFD8-1E49E5BE4450}.Debug|Mixed Platforms.Build.0 = Debug|Any CPU
		{0E390F27-EBFB-43F9-AFD8-1E49E5BE4450}.Debug|x86.ActiveCfg = Debug|Any CPU
		{0E390F27-EBFB-43F9-AFD8-1E49E5BE4450}.Release|Any CPU.ActiveCfg = Release|Any CPU
		{0E390F27-EBFB-43F9-AFD8-1E49E5BE4450}.Release|Any CPU.Build.0 = Release|Any CPU
		{0E390F27-EBFB-43F9-AFD8-1E49E5BE4450}.Release|Mixed Platforms.ActiveCfg = Release|Any CPU
		{0E390F27-EBFB-43F9-AFD8-1E49E5BE4450}.Release|Mixed Platforms.Build.0 = Release|Any CPU
		{0E390F27-EBFB-43F9-AFD8-1E49E5BE4450}.Release|x86.ActiveCfg = Release|Any CPU
		{872086F9-B18D-493D-9890-A5DA30C750E1}.Debug|Any CPU.ActiveCfg = Debug|Any CPU
		{872086F9-B18D-493D-9890-A5DA30C750E1}.Debug|Any CPU.Build.0 = Debug|Any CPU
		{872086F9-B18D-493D-9890-A5DA30C750E1}.Debug|Mixed Platforms.ActiveCfg = Debug|Any CPU
		{872086F9-B18D-493D-9890-A5DA30C750E1}.Debug|Mixed Platforms.Build.0 = Debug|Any CPU
		{872086F9-B18D-493D-9890-A5DA30C750E1}.Debug|x86.ActiveCfg = Debug|Any CPU
		{872086F9-B18D-493D-9890-A5DA30C750E1}.Release|Any CPU.ActiveCfg = Release|Any CPU
		{872086F9-B18D-493D-9890-A5DA30C750E1}.Release|Any CPU.Build.0 = Release|Any CPU
		{872086F9-B18D-493D-9890-A5DA30C750E1}.Release|Mixed Platforms.ActiveCfg = Release|Any CPU
		{872086F9-B18D-493D-9890-A5DA30C750E1}.Release|Mixed Platforms.Build.0 = Release|Any CPU
		{872086F9-B18D-493D-9890-A5DA30C750E1}.Release|x86.ActiveCfg = Release|Any CPU
		{7624C1A7-08A6-4FC1-9B6F-1FFA029D8A88}.Debug|Any CPU.ActiveCfg = Debug|Any CPU
		{7624C1A7-08A6-4FC1-9B6F-1FFA029D8A88}.Debug|Any CPU.Build.0 = Debug|Any CPU
		{7624C1A7-08A6-4FC1-9B6F-1FFA029D8A88}.Debug|Mixed Platforms.ActiveCfg = Debug|Any CPU
		{7624C1A7-08A6-4FC1-9B6F-1FFA029D8A88}.Debug|Mixed Platforms.Build.0 = Debug|Any CPU
		{7624C1A7-08A6-4FC1-9B6F-1FFA029D8A88}.Debug|x86.ActiveCfg = Debug|Any CPU
		{7624C1A7-08A6-4FC1-9B6F-1FFA029D8A88}.Release|Any CPU.ActiveCfg = Release|Any CPU
		{7624C1A7-08A6-4FC1-9B6F-1FFA029D8A88}.Release|Any CPU.Build.0 = Release|Any CPU
		{7624C1A7-08A6-4FC1-9B6F-1FFA029D8A88}.Release|Mixed Platforms.ActiveCfg = Release|Any CPU
		{7624C1A7-08A6-4FC1-9B6F-1FFA029D8A88}.Release|Mixed Platforms.Build.0 = Release|Any CPU
		{7624C1A7-08A6-4FC1-9B6F-1FFA029D8A88}.Release|x86.ActiveCfg = Release|Any CPU
		{4633E75B-1C03-4588-BD29-8BE9A111AD1A}.Debug|Any CPU.ActiveCfg = Debug|Any CPU
		{4633E75B-1C03-4588-BD29-8BE9A111AD1A}.Debug|Any CPU.Build.0 = Debug|Any CPU
		{4633E75B-1C03-4588-BD29-8BE9A111AD1A}.Debug|Mixed Platforms.ActiveCfg = Debug|Any CPU
		{4633E75B-1C03-4588-BD29-8BE9A111AD1A}.Debug|Mixed Platforms.Build.0 = Debug|Any CPU
		{4633E75B-1C03-4588-BD29-8BE9A111AD1A}.Debug|x86.ActiveCfg = Debug|Any CPU
		{4633E75B-1C03-4588-BD29-8BE9A111AD1A}.Release|Any CPU.ActiveCfg = Release|Any CPU
		{4633E75B-1C03-4588-BD29-8BE9A111AD1A}.Release|Any CPU.Build.0 = Release|Any CPU
		{4633E75B-1C03-4588-BD29-8BE9A111AD1A}.Release|Mixed Platforms.ActiveCfg = Release|Any CPU
		{4633E75B-1C03-4588-BD29-8BE9A111AD1A}.Release|Mixed Platforms.Build.0 = Release|Any CPU
		{4633E75B-1C03-4588-BD29-8BE9A111AD1A}.Release|x86.ActiveCfg = Release|Any CPU
		{34AADB52-9CEB-44AD-A0E0-D860BE9C4378}.Debug|Any CPU.ActiveCfg = Debug|Any CPU
		{34AADB52-9CEB-44AD-A0E0-D860BE9C4378}.Debug|Any CPU.Build.0 = Debug|Any CPU
		{34AADB52-9CEB-44AD-A0E0-D860BE9C4378}.Debug|Mixed Platforms.ActiveCfg = Debug|Any CPU
		{34AADB52-9CEB-44AD-A0E0-D860BE9C4378}.Debug|Mixed Platforms.Build.0 = Debug|Any CPU
		{34AADB52-9CEB-44AD-A0E0-D860BE9C4378}.Debug|x86.ActiveCfg = Debug|Any CPU
		{34AADB52-9CEB-44AD-A0E0-D860BE9C4378}.Release|Any CPU.ActiveCfg = Release|Any CPU
		{34AADB52-9CEB-44AD-A0E0-D860BE9C4378}.Release|Any CPU.Build.0 = Release|Any CPU
		{34AADB52-9CEB-44AD-A0E0-D860BE9C4378}.Release|Mixed Platforms.ActiveCfg = Release|Any CPU
		{34AADB52-9CEB-44AD-A0E0-D860BE9C4378}.Release|Mixed Platforms.Build.0 = Release|Any CPU
		{34AADB52-9CEB-44AD-A0E0-D860BE9C4378}.Release|x86.ActiveCfg = Release|Any CPU
		{D75528F5-54F9-4E31-94F6-03C194F74CF2}.Debug|Any CPU.ActiveCfg = Debug|Any CPU
		{D75528F5-54F9-4E31-94F6-03C194F74CF2}.Debug|Any CPU.Build.0 = Debug|Any CPU
		{D75528F5-54F9-4E31-94F6-03C194F74CF2}.Debug|Mixed Platforms.ActiveCfg = Debug|Any CPU
		{D75528F5-54F9-4E31-94F6-03C194F74CF2}.Debug|Mixed Platforms.Build.0 = Debug|Any CPU
		{D75528F5-54F9-4E31-94F6-03C194F74CF2}.Debug|x86.ActiveCfg = Debug|Any CPU
		{D75528F5-54F9-4E31-94F6-03C194F74CF2}.Release|Any CPU.ActiveCfg = Release|Any CPU
		{D75528F5-54F9-4E31-94F6-03C194F74CF2}.Release|Any CPU.Build.0 = Release|Any CPU
		{D75528F5-54F9-4E31-94F6-03C194F74CF2}.Release|Mixed Platforms.ActiveCfg = Release|Any CPU
		{D75528F5-54F9-4E31-94F6-03C194F74CF2}.Release|Mixed Platforms.Build.0 = Release|Any CPU
		{D75528F5-54F9-4E31-94F6-03C194F74CF2}.Release|x86.ActiveCfg = Release|Any CPU
		{3D19DAC1-E727-43BA-A264-A64408B4D598}.Debug|Any CPU.ActiveCfg = Debug|Any CPU
		{3D19DAC1-E727-43BA-A264-A64408B4D598}.Debug|Any CPU.Build.0 = Debug|Any CPU
		{3D19DAC1-E727-43BA-A264-A64408B4D598}.Debug|Mixed Platforms.ActiveCfg = Debug|Any CPU
		{3D19DAC1-E727-43BA-A264-A64408B4D598}.Debug|Mixed Platforms.Build.0 = Debug|Any CPU
		{3D19DAC1-E727-43BA-A264-A64408B4D598}.Debug|x86.ActiveCfg = Debug|Any CPU
		{3D19DAC1-E727-43BA-A264-A64408B4D598}.Release|Any CPU.ActiveCfg = Release|Any CPU
		{3D19DAC1-E727-43BA-A264-A64408B4D598}.Release|Any CPU.Build.0 = Release|Any CPU
		{3D19DAC1-E727-43BA-A264-A64408B4D598}.Release|Mixed Platforms.ActiveCfg = Release|Any CPU
		{3D19DAC1-E727-43BA-A264-A64408B4D598}.Release|Mixed Platforms.Build.0 = Release|Any CPU
		{3D19DAC1-E727-43BA-A264-A64408B4D598}.Release|x86.ActiveCfg = Release|Any CPU
		{167769B9-A10E-4DFD-B09F-43BFEF4EB673}.Debug|Any CPU.ActiveCfg = Debug|Any CPU
		{167769B9-A10E-4DFD-B09F-43BFEF4EB673}.Debug|Any CPU.Build.0 = Debug|Any CPU
		{167769B9-A10E-4DFD-B09F-43BFEF4EB673}.Debug|Mixed Platforms.ActiveCfg = Debug|Any CPU
		{167769B9-A10E-4DFD-B09F-43BFEF4EB673}.Debug|Mixed Platforms.Build.0 = Debug|Any CPU
		{167769B9-A10E-4DFD-B09F-43BFEF4EB673}.Debug|x86.ActiveCfg = Debug|Any CPU
		{167769B9-A10E-4DFD-B09F-43BFEF4EB673}.Release|Any CPU.ActiveCfg = Release|Any CPU
		{167769B9-A10E-4DFD-B09F-43BFEF4EB673}.Release|Any CPU.Build.0 = Release|Any CPU
		{167769B9-A10E-4DFD-B09F-43BFEF4EB673}.Release|Mixed Platforms.ActiveCfg = Release|Any CPU
		{167769B9-A10E-4DFD-B09F-43BFEF4EB673}.Release|Mixed Platforms.Build.0 = Release|Any CPU
		{167769B9-A10E-4DFD-B09F-43BFEF4EB673}.Release|x86.ActiveCfg = Release|Any CPU
		{B2E82297-2DCA-4D0A-8CA1-C68A6DB62D67}.Debug|Any CPU.ActiveCfg = Debug|Any CPU
		{B2E82297-2DCA-4D0A-8CA1-C68A6DB62D67}.Debug|Any CPU.Build.0 = Debug|Any CPU
		{B2E82297-2DCA-4D0A-8CA1-C68A6DB62D67}.Debug|Mixed Platforms.ActiveCfg = Debug|Any CPU
		{B2E82297-2DCA-4D0A-8CA1-C68A6DB62D67}.Debug|Mixed Platforms.Build.0 = Debug|Any CPU
		{B2E82297-2DCA-4D0A-8CA1-C68A6DB62D67}.Debug|x86.ActiveCfg = Debug|Any CPU
		{B2E82297-2DCA-4D0A-8CA1-C68A6DB62D67}.Release|Any CPU.ActiveCfg = Release|Any CPU
		{B2E82297-2DCA-4D0A-8CA1-C68A6DB62D67}.Release|Any CPU.Build.0 = Release|Any CPU
		{B2E82297-2DCA-4D0A-8CA1-C68A6DB62D67}.Release|Mixed Platforms.ActiveCfg = Release|Any CPU
		{B2E82297-2DCA-4D0A-8CA1-C68A6DB62D67}.Release|Mixed Platforms.Build.0 = Release|Any CPU
		{B2E82297-2DCA-4D0A-8CA1-C68A6DB62D67}.Release|x86.ActiveCfg = Release|Any CPU
		{A8C6CC60-E125-4993-9DA4-41784675B5A5}.Debug|Any CPU.ActiveCfg = Debug|Any CPU
		{A8C6CC60-E125-4993-9DA4-41784675B5A5}.Debug|Any CPU.Build.0 = Debug|Any CPU
		{A8C6CC60-E125-4993-9DA4-41784675B5A5}.Debug|Mixed Platforms.ActiveCfg = Debug|Any CPU
		{A8C6CC60-E125-4993-9DA4-41784675B5A5}.Debug|Mixed Platforms.Build.0 = Debug|Any CPU
		{A8C6CC60-E125-4993-9DA4-41784675B5A5}.Debug|x86.ActiveCfg = Debug|Any CPU
		{A8C6CC60-E125-4993-9DA4-41784675B5A5}.Release|Any CPU.ActiveCfg = Release|Any CPU
		{A8C6CC60-E125-4993-9DA4-41784675B5A5}.Release|Any CPU.Build.0 = Release|Any CPU
		{A8C6CC60-E125-4993-9DA4-41784675B5A5}.Release|Mixed Platforms.ActiveCfg = Release|Any CPU
		{A8C6CC60-E125-4993-9DA4-41784675B5A5}.Release|Mixed Platforms.Build.0 = Release|Any CPU
		{A8C6CC60-E125-4993-9DA4-41784675B5A5}.Release|x86.ActiveCfg = Release|Any CPU
		{431820A8-334D-4EF0-82A5-D091464863AA}.Debug|Any CPU.ActiveCfg = Debug|x86
		{431820A8-334D-4EF0-82A5-D091464863AA}.Debug|Mixed Platforms.ActiveCfg = Debug|x86
		{431820A8-334D-4EF0-82A5-D091464863AA}.Debug|Mixed Platforms.Build.0 = Debug|x86
		{431820A8-334D-4EF0-82A5-D091464863AA}.Debug|x86.ActiveCfg = Debug|x86
		{431820A8-334D-4EF0-82A5-D091464863AA}.Debug|x86.Build.0 = Debug|x86
		{431820A8-334D-4EF0-82A5-D091464863AA}.Release|Any CPU.ActiveCfg = Release|x86
		{431820A8-334D-4EF0-82A5-D091464863AA}.Release|Mixed Platforms.ActiveCfg = Release|x86
		{431820A8-334D-4EF0-82A5-D091464863AA}.Release|Mixed Platforms.Build.0 = Release|x86
		{431820A8-334D-4EF0-82A5-D091464863AA}.Release|x86.ActiveCfg = Release|x86
		{431820A8-334D-4EF0-82A5-D091464863AA}.Release|x86.Build.0 = Release|x86
		{B0930EDC-6303-4641-B44D-3AE73A9D00A8}.Debug|Any CPU.ActiveCfg = Debug|Any CPU
		{B0930EDC-6303-4641-B44D-3AE73A9D00A8}.Debug|Any CPU.Build.0 = Debug|Any CPU
		{B0930EDC-6303-4641-B44D-3AE73A9D00A8}.Debug|Mixed Platforms.ActiveCfg = Debug|Any CPU
		{B0930EDC-6303-4641-B44D-3AE73A9D00A8}.Debug|Mixed Platforms.Build.0 = Debug|Any CPU
		{B0930EDC-6303-4641-B44D-3AE73A9D00A8}.Debug|x86.ActiveCfg = Debug|Any CPU
		{B0930EDC-6303-4641-B44D-3AE73A9D00A8}.Release|Any CPU.ActiveCfg = Release|Any CPU
		{B0930EDC-6303-4641-B44D-3AE73A9D00A8}.Release|Any CPU.Build.0 = Release|Any CPU
		{B0930EDC-6303-4641-B44D-3AE73A9D00A8}.Release|Mixed Platforms.ActiveCfg = Release|Any CPU
		{B0930EDC-6303-4641-B44D-3AE73A9D00A8}.Release|Mixed Platforms.Build.0 = Release|Any CPU
		{B0930EDC-6303-4641-B44D-3AE73A9D00A8}.Release|x86.ActiveCfg = Release|Any CPU
		{DCDE50AE-692D-4FBA-B15A-7666D426D22B}.Debug|Any CPU.ActiveCfg = Debug|x86
		{DCDE50AE-692D-4FBA-B15A-7666D426D22B}.Debug|Mixed Platforms.ActiveCfg = Debug|x86
		{DCDE50AE-692D-4FBA-B15A-7666D426D22B}.Debug|Mixed Platforms.Build.0 = Debug|x86
		{DCDE50AE-692D-4FBA-B15A-7666D426D22B}.Debug|x86.ActiveCfg = Debug|x86
		{DCDE50AE-692D-4FBA-B15A-7666D426D22B}.Debug|x86.Build.0 = Debug|x86
		{DCDE50AE-692D-4FBA-B15A-7666D426D22B}.Release|Any CPU.ActiveCfg = Release|x86
		{DCDE50AE-692D-4FBA-B15A-7666D426D22B}.Release|Mixed Platforms.ActiveCfg = Release|x86
		{DCDE50AE-692D-4FBA-B15A-7666D426D22B}.Release|Mixed Platforms.Build.0 = Release|x86
		{DCDE50AE-692D-4FBA-B15A-7666D426D22B}.Release|x86.ActiveCfg = Release|x86
		{DCDE50AE-692D-4FBA-B15A-7666D426D22B}.Release|x86.Build.0 = Release|x86
		{AF234621-D615-499B-803B-E60586283509}.Debug|Any CPU.ActiveCfg = Debug|Any CPU
		{AF234621-D615-499B-803B-E60586283509}.Debug|Any CPU.Build.0 = Debug|Any CPU
		{AF234621-D615-499B-803B-E60586283509}.Debug|Mixed Platforms.ActiveCfg = Debug|Any CPU
		{AF234621-D615-499B-803B-E60586283509}.Debug|Mixed Platforms.Build.0 = Debug|Any CPU
		{AF234621-D615-499B-803B-E60586283509}.Debug|x86.ActiveCfg = Debug|Any CPU
		{AF234621-D615-499B-803B-E60586283509}.Release|Any CPU.ActiveCfg = Release|Any CPU
		{AF234621-D615-499B-803B-E60586283509}.Release|Any CPU.Build.0 = Release|Any CPU
		{AF234621-D615-499B-803B-E60586283509}.Release|Mixed Platforms.ActiveCfg = Release|Any CPU
		{AF234621-D615-499B-803B-E60586283509}.Release|Mixed Platforms.Build.0 = Release|Any CPU
		{AF234621-D615-499B-803B-E60586283509}.Release|x86.ActiveCfg = Release|Any CPU
		{32896243-BB1D-4A46-B2CC-D50E69A0FF3C}.Debug|Any CPU.ActiveCfg = Debug|Any CPU
		{32896243-BB1D-4A46-B2CC-D50E69A0FF3C}.Debug|Any CPU.Build.0 = Debug|Any CPU
		{32896243-BB1D-4A46-B2CC-D50E69A0FF3C}.Debug|Mixed Platforms.ActiveCfg = Debug|Any CPU
		{32896243-BB1D-4A46-B2CC-D50E69A0FF3C}.Debug|Mixed Platforms.Build.0 = Debug|Any CPU
		{32896243-BB1D-4A46-B2CC-D50E69A0FF3C}.Debug|x86.ActiveCfg = Debug|Any CPU
		{32896243-BB1D-4A46-B2CC-D50E69A0FF3C}.Release|Any CPU.ActiveCfg = Release|Any CPU
		{32896243-BB1D-4A46-B2CC-D50E69A0FF3C}.Release|Any CPU.Build.0 = Release|Any CPU
		{32896243-BB1D-4A46-B2CC-D50E69A0FF3C}.Release|Mixed Platforms.ActiveCfg = Release|Any CPU
		{32896243-BB1D-4A46-B2CC-D50E69A0FF3C}.Release|Mixed Platforms.Build.0 = Release|Any CPU
		{32896243-BB1D-4A46-B2CC-D50E69A0FF3C}.Release|x86.ActiveCfg = Release|Any CPU
		{C7886048-659E-44CA-8921-2416CCE3A795}.Debug|Any CPU.ActiveCfg = Debug|Any CPU
		{C7886048-659E-44CA-8921-2416CCE3A795}.Debug|Any CPU.Build.0 = Debug|Any CPU
		{C7886048-659E-44CA-8921-2416CCE3A795}.Debug|Mixed Platforms.ActiveCfg = Debug|Any CPU
		{C7886048-659E-44CA-8921-2416CCE3A795}.Debug|Mixed Platforms.Build.0 = Debug|Any CPU
		{C7886048-659E-44CA-8921-2416CCE3A795}.Debug|x86.ActiveCfg = Debug|Any CPU
		{C7886048-659E-44CA-8921-2416CCE3A795}.Release|Any CPU.ActiveCfg = Release|Any CPU
		{C7886048-659E-44CA-8921-2416CCE3A795}.Release|Any CPU.Build.0 = Release|Any CPU
		{C7886048-659E-44CA-8921-2416CCE3A795}.Release|Mixed Platforms.ActiveCfg = Release|Any CPU
		{C7886048-659E-44CA-8921-2416CCE3A795}.Release|Mixed Platforms.Build.0 = Release|Any CPU
		{C7886048-659E-44CA-8921-2416CCE3A795}.Release|x86.ActiveCfg = Release|Any CPU
	EndGlobalSection
	GlobalSection(SolutionProperties) = preSolution
		HideSolutionNode = FALSE
	EndGlobalSection
	GlobalSection(NestedProjects) = preSolution
		{D75528F5-54F9-4E31-94F6-03C194F74CF2} = {BBE0B1B2-C862-4DEC-BDA1-21ADC5CCF055}
		{3D19DAC1-E727-43BA-A264-A64408B4D598} = {BBE0B1B2-C862-4DEC-BDA1-21ADC5CCF055}
		{167769B9-A10E-4DFD-B09F-43BFEF4EB673} = {BBE0B1B2-C862-4DEC-BDA1-21ADC5CCF055}
		{B2E82297-2DCA-4D0A-8CA1-C68A6DB62D67} = {BBE0B1B2-C862-4DEC-BDA1-21ADC5CCF055}
		{A8C6CC60-E125-4993-9DA4-41784675B5A5} = {BBE0B1B2-C862-4DEC-BDA1-21ADC5CCF055}
		{B0930EDC-6303-4641-B44D-3AE73A9D00A8} = {BBE0B1B2-C862-4DEC-BDA1-21ADC5CCF055}
	EndGlobalSection
EndGlobal
