
Microsoft Visual Studio Solution File, Format Version 12.00
# Visual Studio 2012
Project("{FAE04EC0-301F-11D3-BF4B-00C04F79EFBC}") = "Rasterizr", "Rasterizr\Rasterizr.csproj", "{5975A920-5CA3-4187-824A-1804A1ACB6D2}"
	ProjectSection(ProjectDependencies) = postProject
		{0E390F27-EBFB-43F9-AFD8-1E49E5BE4450} = {0E390F27-EBFB-43F9-AFD8-1E49E5BE4450}
	EndProjectSection
EndProject
Project("{FAE04EC0-301F-11D3-BF4B-00C04F79EFBC}") = "Rasterizr.Platform.WindowsForms", "Rasterizr.Platform.WindowsForms\Rasterizr.Platform.WindowsForms.csproj", "{C15E888C-94BB-42E8-B2CF-C22117B325C3}"
EndProject
Project("{FAE04EC0-301F-11D3-BF4B-00C04F79EFBC}") = "Weavers", "Weavers\Weavers.csproj", "{0E390F27-EBFB-43F9-AFD8-1E49E5BE4450}"
EndProject
Project("{FAE04EC0-301F-11D3-BF4B-00C04F79EFBC}") = "Rasterizr.Platform.Wpf", "Rasterizr.Platform.Wpf\Rasterizr.Platform.Wpf.csproj", "{4633E75B-1C03-4588-BD29-8BE9A111AD1A}"
EndProject
Project("{FAE04EC0-301F-11D3-BF4B-00C04F79EFBC}") = "Rasterizr.Tests", "Rasterizr.Tests\Rasterizr.Tests.csproj", "{34AADB52-9CEB-44AD-A0E0-D860BE9C4378}"
EndProject
Project("{FAE04EC0-301F-11D3-BF4B-00C04F79EFBC}") = "Rasterizr.Diagnostics.Logging", "Rasterizr.Diagnostics.Logging\Rasterizr.Diagnostics.Logging.csproj", "{AF234621-D615-499B-803B-E60586283509}"
EndProject
Project("{FAE04EC0-301F-11D3-BF4B-00C04F79EFBC}") = "Rasterizr.Studio", "Rasterizr.Studio\Rasterizr.Studio.csproj", "{32896243-BB1D-4A46-B2CC-D50E69A0FF3C}"
EndProject
Project("{FAE04EC0-301F-11D3-BF4B-00C04F79EFBC}") = "Rasterizr.Toolkit", "Rasterizr.Toolkit\Rasterizr.Toolkit.csproj", "{C7886048-659E-44CA-8921-2416CCE3A795}"
EndProject
Project("{FAE04EC0-301F-11D3-BF4B-00C04F79EFBC}") = "Rasterizr.SampleBrowser", "Rasterizr.SampleBrowser\Rasterizr.SampleBrowser.csproj", "{73C182B2-347C-490C-9498-237832B2A21A}"
EndProject
Project("{2150E333-8FDC-42A3-9474-1A3956D46DE8}") = ".nuget", ".nuget", "{330BF1C5-05B4-44B6-A38F-ADFC7F8ED409}"
	ProjectSection(SolutionItems) = preProject
		.nuget\NuGet.Config = .nuget\NuGet.Config
		.nuget\NuGet.exe = .nuget\NuGet.exe
		.nuget\NuGet.targets = .nuget\NuGet.targets
	EndProjectSection
EndProject
Global
	GlobalSection(SolutionConfigurationPlatforms) = preSolution
		Debug|Any CPU = Debug|Any CPU
		Debug|Mixed Platforms = Debug|Mixed Platforms
		Debug|x86 = Debug|x86
		Release|Any CPU = Release|Any CPU
		Release|Mixed Platforms = Release|Mixed Platforms
		Release|x86 = Release|x86
	EndGlobalSection
	GlobalSection(ProjectConfigurationPlatforms) = postSolution
		{5975A920-5CA3-4187-824A-1804A1ACB6D2}.Debug|Any CPU.ActiveCfg = Debug|Any CPU
		{5975A920-5CA3-4187-824A-1804A1ACB6D2}.Debug|Any CPU.Build.0 = Debug|Any CPU
		{5975A920-5CA3-4187-824A-1804A1ACB6D2}.Debug|Mixed Platforms.ActiveCfg = Debug|Any CPU
		{5975A920-5CA3-4187-824A-1804A1ACB6D2}.Debug|Mixed Platforms.Build.0 = Debug|Any CPU
		{5975A920-5CA3-4187-824A-1804A1ACB6D2}.Debug|x86.ActiveCfg = Debug|Any CPU
		{5975A920-5CA3-4187-824A-1804A1ACB6D2}.Release|Any CPU.ActiveCfg = Release|Any CPU
		{5975A920-5CA3-4187-824A-1804A1ACB6D2}.Release|Any CPU.Build.0 = Release|Any CPU
		{5975A920-5CA3-4187-824A-1804A1ACB6D2}.Release|Mixed Platforms.ActiveCfg = Release|Any CPU
		{5975A920-5CA3-4187-824A-1804A1ACB6D2}.Release|Mixed Platforms.Build.0 = Release|Any CPU
		{5975A920-5CA3-4187-824A-1804A1ACB6D2}.Release|x86.ActiveCfg = Release|Any CPU
		{C15E888C-94BB-42E8-B2CF-C22117B325C3}.Debug|Any CPU.ActiveCfg = Debug|Any CPU
		{C15E888C-94BB-42E8-B2CF-C22117B325C3}.Debug|Any CPU.Build.0 = Debug|Any CPU
		{C15E888C-94BB-42E8-B2CF-C22117B325C3}.Debug|Mixed Platforms.ActiveCfg = Debug|Any CPU
		{C15E888C-94BB-42E8-B2CF-C22117B325C3}.Debug|Mixed Platforms.Build.0 = Debug|Any CPU
		{C15E888C-94BB-42E8-B2CF-C22117B325C3}.Debug|x86.ActiveCfg = Debug|Any CPU
		{C15E888C-94BB-42E8-B2CF-C22117B325C3}.Release|Any CPU.ActiveCfg = Release|Any CPU
		{C15E888C-94BB-42E8-B2CF-C22117B325C3}.Release|Any CPU.Build.0 = Release|Any CPU
		{C15E888C-94BB-42E8-B2CF-C22117B325C3}.Release|Mixed Platforms.ActiveCfg = Release|Any CPU
		{C15E888C-94BB-42E8-B2CF-C22117B325C3}.Release|Mixed Platforms.Build.0 = Release|Any CPU
		{C15E888C-94BB-42E8-B2CF-C22117B325C3}.Release|x86.ActiveCfg = Release|Any CPU
		{0E390F27-EBFB-43F9-AFD8-1E49E5BE4450}.Debug|Any CPU.ActiveCfg = Debug|Any CPU
		{0E390F27-EBFB-43F9-AFD8-1E49E5BE4450}.Debug|Any CPU.Build.0 = Debug|Any CPU
		{0E390F27-EBFB-43F9-AFD8-1E49E5BE4450}.Debug|Mixed Platforms.ActiveCfg = Debug|Any CPU
		{0E390F27-EBFB-43F9-AFD8-1E49E5BE4450}.Debug|Mixed Platforms.Build.0 = Debug|Any CPU
		{0E390F27-EBFB-43F9-AFD8-1E49E5BE4450}.Debug|x86.ActiveCfg = Debug|Any CPU
		{0E390F27-EBFB-43F9-AFD8-1E49E5BE4450}.Release|Any CPU.ActiveCfg = Release|Any CPU
		{0E390F27-EBFB-43F9-AFD8-1E49E5BE4450}.Release|Any CPU.Build.0 = Release|Any CPU
		{0E390F27-EBFB-43F9-AFD8-1E49E5BE4450}.Release|Mixed Platforms.ActiveCfg = Release|Any CPU
		{0E390F27-EBFB-43F9-AFD8-1E49E5BE4450}.Release|Mixed Platforms.Build.0 = Release|Any CPU
		{0E390F27-EBFB-43F9-AFD8-1E49E5BE4450}.Release|x86.ActiveCfg = Release|Any CPU
		{4633E75B-1C03-4588-BD29-8BE9A111AD1A}.Debug|Any CPU.ActiveCfg = Debug|Any CPU
		{4633E75B-1C03-4588-BD29-8BE9A111AD1A}.Debug|Any CPU.Build.0 = Debug|Any CPU
		{4633E75B-1C03-4588-BD29-8BE9A111AD1A}.Debug|Mixed Platforms.ActiveCfg = Debug|Any CPU
		{4633E75B-1C03-4588-BD29-8BE9A111AD1A}.Debug|Mixed Platforms.Build.0 = Debug|Any CPU
		{4633E75B-1C03-4588-BD29-8BE9A111AD1A}.Debug|x86.ActiveCfg = Debug|Any CPU
		{4633E75B-1C03-4588-BD29-8BE9A111AD1A}.Release|Any CPU.ActiveCfg = Release|Any CPU
		{4633E75B-1C03-4588-BD29-8BE9A111AD1A}.Release|Any CPU.Build.0 = Release|Any CPU
		{4633E75B-1C03-4588-BD29-8BE9A111AD1A}.Release|Mixed Platforms.ActiveCfg = Release|Any CPU
		{4633E75B-1C03-4588-BD29-8BE9A111AD1A}.Release|Mixed Platforms.Build.0 = Release|Any CPU
		{4633E75B-1C03-4588-BD29-8BE9A111AD1A}.Release|x86.ActiveCfg = Release|Any CPU
		{34AADB52-9CEB-44AD-A0E0-D860BE9C4378}.Debug|Any CPU.ActiveCfg = Debug|Any CPU
		{34AADB52-9CEB-44AD-A0E0-D860BE9C4378}.Debug|Any CPU.Build.0 = Debug|Any CPU
		{34AADB52-9CEB-44AD-A0E0-D860BE9C4378}.Debug|Mixed Platforms.ActiveCfg = Debug|Any CPU
		{34AADB52-9CEB-44AD-A0E0-D860BE9C4378}.Debug|Mixed Platforms.Build.0 = Debug|Any CPU
		{34AADB52-9CEB-44AD-A0E0-D860BE9C4378}.Debug|x86.ActiveCfg = Debug|Any CPU
		{34AADB52-9CEB-44AD-A0E0-D860BE9C4378}.Release|Any CPU.ActiveCfg = Release|Any CPU
		{34AADB52-9CEB-44AD-A0E0-D860BE9C4378}.Release|Any CPU.Build.0 = Release|Any CPU
		{34AADB52-9CEB-44AD-A0E0-D860BE9C4378}.Release|Mixed Platforms.ActiveCfg = Release|Any CPU
		{34AADB52-9CEB-44AD-A0E0-D860BE9C4378}.Release|Mixed Platforms.Build.0 = Release|Any CPU
		{34AADB52-9CEB-44AD-A0E0-D860BE9C4378}.Release|x86.ActiveCfg = Release|Any CPU
		{AF234621-D615-499B-803B-E60586283509}.Debug|Any CPU.ActiveCfg = Debug|Any CPU
		{AF234621-D615-499B-803B-E60586283509}.Debug|Any CPU.Build.0 = Debug|Any CPU
		{AF234621-D615-499B-803B-E60586283509}.Debug|Mixed Platforms.ActiveCfg = Debug|Any CPU
		{AF234621-D615-499B-803B-E60586283509}.Debug|Mixed Platforms.Build.0 = Debug|Any CPU
		{AF234621-D615-499B-803B-E60586283509}.Debug|x86.ActiveCfg = Debug|Any CPU
		{AF234621-D615-499B-803B-E60586283509}.Release|Any CPU.ActiveCfg = Release|Any CPU
		{AF234621-D615-499B-803B-E60586283509}.Release|Any CPU.Build.0 = Release|Any CPU
		{AF234621-D615-499B-803B-E60586283509}.Release|Mixed Platforms.ActiveCfg = Release|Any CPU
		{AF234621-D615-499B-803B-E60586283509}.Release|Mixed Platforms.Build.0 = Release|Any CPU
		{AF234621-D615-499B-803B-E60586283509}.Release|x86.ActiveCfg = Release|Any CPU
		{32896243-BB1D-4A46-B2CC-D50E69A0FF3C}.Debug|Any CPU.ActiveCfg = Debug|Any CPU
		{32896243-BB1D-4A46-B2CC-D50E69A0FF3C}.Debug|Any CPU.Build.0 = Debug|Any CPU
		{32896243-BB1D-4A46-B2CC-D50E69A0FF3C}.Debug|Mixed Platforms.ActiveCfg = Debug|Any CPU
		{32896243-BB1D-4A46-B2CC-D50E69A0FF3C}.Debug|Mixed Platforms.Build.0 = Debug|Any CPU
		{32896243-BB1D-4A46-B2CC-D50E69A0FF3C}.Debug|x86.ActiveCfg = Debug|Any CPU
		{32896243-BB1D-4A46-B2CC-D50E69A0FF3C}.Release|Any CPU.ActiveCfg = Release|Any CPU
		{32896243-BB1D-4A46-B2CC-D50E69A0FF3C}.Release|Any CPU.Build.0 = Release|Any CPU
		{32896243-BB1D-4A46-B2CC-D50E69A0FF3C}.Release|Mixed Platforms.ActiveCfg = Release|Any CPU
		{32896243-BB1D-4A46-B2CC-D50E69A0FF3C}.Release|Mixed Platforms.Build.0 = Release|Any CPU
		{32896243-BB1D-4A46-B2CC-D50E69A0FF3C}.Release|x86.ActiveCfg = Release|Any CPU
		{C7886048-659E-44CA-8921-2416CCE3A795}.Debug|Any CPU.ActiveCfg = Debug|Any CPU
		{C7886048-659E-44CA-8921-2416CCE3A795}.Debug|Any CPU.Build.0 = Debug|Any CPU
		{C7886048-659E-44CA-8921-2416CCE3A795}.Debug|Mixed Platforms.ActiveCfg = Debug|Any CPU
		{C7886048-659E-44CA-8921-2416CCE3A795}.Debug|Mixed Platforms.Build.0 = Debug|Any CPU
		{C7886048-659E-44CA-8921-2416CCE3A795}.Debug|x86.ActiveCfg = Debug|Any CPU
		{C7886048-659E-44CA-8921-2416CCE3A795}.Release|Any CPU.ActiveCfg = Release|Any CPU
		{C7886048-659E-44CA-8921-2416CCE3A795}.Release|Any CPU.Build.0 = Release|Any CPU
		{C7886048-659E-44CA-8921-2416CCE3A795}.Release|Mixed Platforms.ActiveCfg = Release|Any CPU
		{C7886048-659E-44CA-8921-2416CCE3A795}.Release|Mixed Platforms.Build.0 = Release|Any CPU
		{C7886048-659E-44CA-8921-2416CCE3A795}.Release|x86.ActiveCfg = Release|Any CPU
		{73C182B2-347C-490C-9498-237832B2A21A}.Debug|Any CPU.ActiveCfg = Debug|Any CPU
		{73C182B2-347C-490C-9498-237832B2A21A}.Debug|Any CPU.Build.0 = Debug|Any CPU
		{73C182B2-347C-490C-9498-237832B2A21A}.Debug|Mixed Platforms.ActiveCfg = Debug|Any CPU
		{73C182B2-347C-490C-9498-237832B2A21A}.Debug|Mixed Platforms.Build.0 = Debug|Any CPU
		{73C182B2-347C-490C-9498-237832B2A21A}.Debug|x86.ActiveCfg = Debug|Any CPU
		{73C182B2-347C-490C-9498-237832B2A21A}.Release|Any CPU.ActiveCfg = Release|Any CPU
		{73C182B2-347C-490C-9498-237832B2A21A}.Release|Any CPU.Build.0 = Release|Any CPU
		{73C182B2-347C-490C-9498-237832B2A21A}.Release|Mixed Platforms.ActiveCfg = Release|Any CPU
		{73C182B2-347C-490C-9498-237832B2A21A}.Release|Mixed Platforms.Build.0 = Release|Any CPU
		{73C182B2-347C-490C-9498-237832B2A21A}.Release|x86.ActiveCfg = Release|Any CPU
	EndGlobalSection
	GlobalSection(SolutionProperties) = preSolution
		HideSolutionNode = FALSE
	EndGlobalSection
EndGlobal
